// !$*UTF8*$!
{
	archiveVersion = 1;
	classes = {
	};
	objectVersion = 50;
	objects = {

/* Begin PBXBuildFile section */
		798231DB270F749700E808C3 /* UIViewController+Ext.swift in Sources */ = {isa = PBXBuildFile; fileRef = 798231DA270F749700E808C3 /* UIViewController+Ext.swift */; };
		798231E4270F7E2600E808C3 /* GFAlertContainerView.swift in Sources */ = {isa = PBXBuildFile; fileRef = 798231E3270F7E2600E808C3 /* GFAlertContainerView.swift */; };
		799F2D3B270B97DC001BB484 /* AppDelegate.swift in Sources */ = {isa = PBXBuildFile; fileRef = 799F2D3A270B97DC001BB484 /* AppDelegate.swift */; };
		799F2D3D270B97DC001BB484 /* SceneDelegate.swift in Sources */ = {isa = PBXBuildFile; fileRef = 799F2D3C270B97DC001BB484 /* SceneDelegate.swift */; };
		799F2D44270B97DE001BB484 /* Assets.xcassets in Resources */ = {isa = PBXBuildFile; fileRef = 799F2D43270B97DE001BB484 /* Assets.xcassets */; };
		799F2D47270B97DE001BB484 /* LaunchScreen.storyboard in Resources */ = {isa = PBXBuildFile; fileRef = 799F2D45270B97DE001BB484 /* LaunchScreen.storyboard */; };
		799F2D54270BAF27001BB484 /* SearchVC.swift in Sources */ = {isa = PBXBuildFile; fileRef = 799F2D53270BAF27001BB484 /* SearchVC.swift */; };
		799F2D56270BAF5A001BB484 /* FavoritesListVC.swift in Sources */ = {isa = PBXBuildFile; fileRef = 799F2D55270BAF5A001BB484 /* FavoritesListVC.swift */; };
		799F2D58270CDD84001BB484 /* GFButton.swift in Sources */ = {isa = PBXBuildFile; fileRef = 799F2D57270CDD84001BB484 /* GFButton.swift */; };
		79D07F93270CE15700A2C954 /* GFTextField.swift in Sources */ = {isa = PBXBuildFile; fileRef = 79D07F92270CE15700A2C954 /* GFTextField.swift */; };
		79D07F95270E68CB00A2C954 /* FollowerListVC.swift in Sources */ = {isa = PBXBuildFile; fileRef = 79D07F94270E68CB00A2C954 /* FollowerListVC.swift */; };
		79D07F97270E6FC700A2C954 /* GFTitleLabel.swift in Sources */ = {isa = PBXBuildFile; fileRef = 79D07F96270E6FC700A2C954 /* GFTitleLabel.swift */; };
		79D07F99270E715D00A2C954 /* GFBodyLabel.swift in Sources */ = {isa = PBXBuildFile; fileRef = 79D07F98270E715D00A2C954 /* GFBodyLabel.swift */; };
		79D07F9B270E722300A2C954 /* GFAlertVC.swift in Sources */ = {isa = PBXBuildFile; fileRef = 79D07F9A270E722300A2C954 /* GFAlertVC.swift */; };
/* End PBXBuildFile section */

/* Begin PBXFileReference section */
		798231DA270F749700E808C3 /* UIViewController+Ext.swift */ = {isa = PBXFileReference; lastKnownFileType = sourcecode.swift; path = "UIViewController+Ext.swift"; sourceTree = "<group>"; };
		798231E3270F7E2600E808C3 /* GFAlertContainerView.swift */ = {isa = PBXFileReference; lastKnownFileType = sourcecode.swift; path = GFAlertContainerView.swift; sourceTree = "<group>"; };
		799F2D37270B97DC001BB484 /* GHFollowers2.0.app */ = {isa = PBXFileReference; explicitFileType = wrapper.application; includeInIndex = 0; path = GHFollowers2.0.app; sourceTree = BUILT_PRODUCTS_DIR; };
		799F2D3A270B97DC001BB484 /* AppDelegate.swift */ = {isa = PBXFileReference; lastKnownFileType = sourcecode.swift; path = AppDelegate.swift; sourceTree = "<group>"; };
		799F2D3C270B97DC001BB484 /* SceneDelegate.swift */ = {isa = PBXFileReference; lastKnownFileType = sourcecode.swift; path = SceneDelegate.swift; sourceTree = "<group>"; };
		799F2D43270B97DE001BB484 /* Assets.xcassets */ = {isa = PBXFileReference; lastKnownFileType = folder.assetcatalog; path = Assets.xcassets; sourceTree = "<group>"; };
		799F2D46270B97DE001BB484 /* Base */ = {isa = PBXFileReference; lastKnownFileType = file.storyboard; name = Base; path = Base.lproj/LaunchScreen.storyboard; sourceTree = "<group>"; };
		799F2D48270B97DE001BB484 /* Info.plist */ = {isa = PBXFileReference; lastKnownFileType = text.plist.xml; path = Info.plist; sourceTree = "<group>"; };
		799F2D53270BAF27001BB484 /* SearchVC.swift */ = {isa = PBXFileReference; lastKnownFileType = sourcecode.swift; path = SearchVC.swift; sourceTree = "<group>"; };
		799F2D55270BAF5A001BB484 /* FavoritesListVC.swift */ = {isa = PBXFileReference; lastKnownFileType = sourcecode.swift; path = FavoritesListVC.swift; sourceTree = "<group>"; };
		799F2D57270CDD84001BB484 /* GFButton.swift */ = {isa = PBXFileReference; lastKnownFileType = sourcecode.swift; path = GFButton.swift; sourceTree = "<group>"; };
		79D07F92270CE15700A2C954 /* GFTextField.swift */ = {isa = PBXFileReference; lastKnownFileType = sourcecode.swift; path = GFTextField.swift; sourceTree = "<group>"; };
		79D07F94270E68CB00A2C954 /* FollowerListVC.swift */ = {isa = PBXFileReference; lastKnownFileType = sourcecode.swift; path = FollowerListVC.swift; sourceTree = "<group>"; };
		79D07F96270E6FC700A2C954 /* GFTitleLabel.swift */ = {isa = PBXFileReference; lastKnownFileType = sourcecode.swift; path = GFTitleLabel.swift; sourceTree = "<group>"; };
		79D07F98270E715D00A2C954 /* GFBodyLabel.swift */ = {isa = PBXFileReference; lastKnownFileType = sourcecode.swift; path = GFBodyLabel.swift; sourceTree = "<group>"; };
		79D07F9A270E722300A2C954 /* GFAlertVC.swift */ = {isa = PBXFileReference; lastKnownFileType = sourcecode.swift; path = GFAlertVC.swift; sourceTree = "<group>"; };
/* End PBXFileReference section */

/* Begin PBXFrameworksBuildPhase section */
		799F2D34270B97DC001BB484 /* Frameworks */ = {
			isa = PBXFrameworksBuildPhase;
			buildActionMask = 2147483647;
			files = (
			);
			runOnlyForDeploymentPostprocessing = 0;
		};
/* End PBXFrameworksBuildPhase section */

/* Begin PBXGroup section */
		798231DC270F770D00E808C3 /* Models */ = {
			isa = PBXGroup;
			children = (
			);
			path = Models;
			sourceTree = "<group>";
		};
		798231DD270F772000E808C3 /* Views */ = {
			isa = PBXGroup;
			children = (
				798231DF270F775600E808C3 /* Custom Views */,
			);
			path = Views;
			sourceTree = "<group>";
		};
		798231DE270F772800E808C3 /* Controllers */ = {
			isa = PBXGroup;
			children = (
				798231E1270F77F500E808C3 /* Model Controllers */,
				798231E2270F780000E808C3 /* View Controllers */,
			);
			path = Controllers;
			sourceTree = "<group>";
		};
		798231DF270F775600E808C3 /* Custom Views */ = {
			isa = PBXGroup;
			children = (
				79D07F92270CE15700A2C954 /* GFTextField.swift */,
				799F2D57270CDD84001BB484 /* GFButton.swift */,
				79D07F96270E6FC700A2C954 /* GFTitleLabel.swift */,
				79D07F98270E715D00A2C954 /* GFBodyLabel.swift */,
				79D07F9A270E722300A2C954 /* GFAlertVC.swift */,
				798231E3270F7E2600E808C3 /* GFAlertContainerView.swift */,
			);
			path = "Custom Views";
			sourceTree = "<group>";
		};
		798231E0270F779300E808C3 /* Helpers and Extensions */ = {
			isa = PBXGroup;
			children = (
				798231DA270F749700E808C3 /* UIViewController+Ext.swift */,
			);
			path = "Helpers and Extensions";
			sourceTree = "<group>";
		};
		798231E1270F77F500E808C3 /* Model Controllers */ = {
			isa = PBXGroup;
			children = (
			);
			path = "Model Controllers";
			sourceTree = "<group>";
		};
		798231E2270F780000E808C3 /* View Controllers */ = {
			isa = PBXGroup;
			children = (
				799F2D53270BAF27001BB484 /* SearchVC.swift */,
				799F2D55270BAF5A001BB484 /* FavoritesListVC.swift */,
				79D07F94270E68CB00A2C954 /* FollowerListVC.swift */,
			);
			path = "View Controllers";
			sourceTree = "<group>";
		};
		799F2D2E270B97DC001BB484 = {
			isa = PBXGroup;
			children = (
				799F2D39270B97DC001BB484 /* GHFollowers2.0 */,
				799F2D38270B97DC001BB484 /* Products */,
			);
			sourceTree = "<group>";
		};
		799F2D38270B97DC001BB484 /* Products */ = {
			isa = PBXGroup;
			children = (
				799F2D37270B97DC001BB484 /* GHFollowers2.0.app */,
			);
			name = Products;
			sourceTree = "<group>";
		};
		799F2D39270B97DC001BB484 /* GHFollowers2.0 */ = {
			isa = PBXGroup;
			children = (
				798231DC270F770D00E808C3 /* Models */,
				798231DD270F772000E808C3 /* Views */,
				798231DE270F772800E808C3 /* Controllers */,
				798231E0270F779300E808C3 /* Helpers and Extensions */,
				799F2D4E270B9801001BB484 /* Resources */,
			);
			path = GHFollowers2.0;
			sourceTree = "<group>";
		};
		799F2D4E270B9801001BB484 /* Resources */ = {
			isa = PBXGroup;
			children = (
				799F2D3A270B97DC001BB484 /* AppDelegate.swift */,
				799F2D3C270B97DC001BB484 /* SceneDelegate.swift */,
				799F2D45270B97DE001BB484 /* LaunchScreen.storyboard */,
				799F2D43270B97DE001BB484 /* Assets.xcassets */,
				799F2D48270B97DE001BB484 /* Info.plist */,
			);
			path = Resources;
			sourceTree = "<group>";
		};
/* End PBXGroup section */

/* Begin PBXNativeTarget section */
		799F2D36270B97DC001BB484 /* GHFollowers2.0 */ = {
			isa = PBXNativeTarget;
			buildConfigurationList = 799F2D4B270B97DE001BB484 /* Build configuration list for PBXNativeTarget "GHFollowers2.0" */;
			buildPhases = (
				799F2D33270B97DC001BB484 /* Sources */,
				799F2D34270B97DC001BB484 /* Frameworks */,
				799F2D35270B97DC001BB484 /* Resources */,
			);
			buildRules = (
			);
			dependencies = (
			);
			name = GHFollowers2.0;
			productName = GHFollowers2.0;
			productReference = 799F2D37270B97DC001BB484 /* GHFollowers2.0.app */;
			productType = "com.apple.product-type.application";
		};
/* End PBXNativeTarget section */

/* Begin PBXProject section */
		799F2D2F270B97DC001BB484 /* Project object */ = {
			isa = PBXProject;
			attributes = {
				LastSwiftUpdateCheck = 1250;
				LastUpgradeCheck = 1250;
				TargetAttributes = {
					799F2D36270B97DC001BB484 = {
						CreatedOnToolsVersion = 12.5.1;
					};
				};
			};
			buildConfigurationList = 799F2D32270B97DC001BB484 /* Build configuration list for PBXProject "GHFollowers2.0" */;
			compatibilityVersion = "Xcode 9.3";
			developmentRegion = en;
			hasScannedForEncodings = 0;
			knownRegions = (
				en,
				Base,
			);
			mainGroup = 799F2D2E270B97DC001BB484;
			productRefGroup = 799F2D38270B97DC001BB484 /* Products */;
			projectDirPath = "";
			projectRoot = "";
			targets = (
				799F2D36270B97DC001BB484 /* GHFollowers2.0 */,
			);
		};
/* End PBXProject section */

/* Begin PBXResourcesBuildPhase section */
		799F2D35270B97DC001BB484 /* Resources */ = {
			isa = PBXResourcesBuildPhase;
			buildActionMask = 2147483647;
			files = (
				799F2D47270B97DE001BB484 /* LaunchScreen.storyboard in Resources */,
				799F2D44270B97DE001BB484 /* Assets.xcassets in Resources */,
			);
			runOnlyForDeploymentPostprocessing = 0;
		};
/* End PBXResourcesBuildPhase section */

/* Begin PBXSourcesBuildPhase section */
		799F2D33270B97DC001BB484 /* Sources */ = {
			isa = PBXSourcesBuildPhase;
			buildActionMask = 2147483647;
			files = (
				798231E4270F7E2600E808C3 /* GFAlertContainerView.swift in Sources */,
				79D07F93270CE15700A2C954 /* GFTextField.swift in Sources */,
				799F2D56270BAF5A001BB484 /* FavoritesListVC.swift in Sources */,
				799F2D58270CDD84001BB484 /* GFButton.swift in Sources */,
				798231DB270F749700E808C3 /* UIViewController+Ext.swift in Sources */,
				799F2D54270BAF27001BB484 /* SearchVC.swift in Sources */,
				79D07F9B270E722300A2C954 /* GFAlertVC.swift in Sources */,
				79D07F99270E715D00A2C954 /* GFBodyLabel.swift in Sources */,
				79D07F97270E6FC700A2C954 /* GFTitleLabel.swift in Sources */,
				79D07F95270E68CB00A2C954 /* FollowerListVC.swift in Sources */,
				799F2D3B270B97DC001BB484 /* AppDelegate.swift in Sources */,
				799F2D3D270B97DC001BB484 /* SceneDelegate.swift in Sources */,
			);
			runOnlyForDeploymentPostprocessing = 0;
		};
/* End PBXSourcesBuildPhase section */

/* Begin PBXVariantGroup section */
		799F2D45270B97DE001BB484 /* LaunchScreen.storyboard */ = {
			isa = PBXVariantGroup;
			children = (
				799F2D46270B97DE001BB484 /* Base */,
			);
			name = LaunchScreen.storyboard;
			sourceTree = "<group>";
		};
/* End PBXVariantGroup section */

/* Begin XCBuildConfiguration section */
		799F2D49270B97DE001BB484 /* Debug */ = {
			isa = XCBuildConfiguration;
			buildSettings = {
				ALWAYS_SEARCH_USER_PATHS = NO;
				CLANG_ANALYZER_NONNULL = YES;
				CLANG_ANALYZER_NUMBER_OBJECT_CONVERSION = YES_AGGRESSIVE;
				CLANG_CXX_LANGUAGE_STANDARD = "gnu++14";
				CLANG_CXX_LIBRARY = "libc++";
				CLANG_ENABLE_MODULES = YES;
				CLANG_ENABLE_OBJC_ARC = YES;
				CLANG_ENABLE_OBJC_WEAK = YES;
				CLANG_WARN_BLOCK_CAPTURE_AUTORELEASING = YES;
				CLANG_WARN_BOOL_CONVERSION = YES;
				CLANG_WARN_COMMA = YES;
				CLANG_WARN_CONSTANT_CONVERSION = YES;
				CLANG_WARN_DEPRECATED_OBJC_IMPLEMENTATIONS = YES;
				CLANG_WARN_DIRECT_OBJC_ISA_USAGE = YES_ERROR;
				CLANG_WARN_DOCUMENTATION_COMMENTS = YES;
				CLANG_WARN_EMPTY_BODY = YES;
				CLANG_WARN_ENUM_CONVERSION = YES;
				CLANG_WARN_INFINITE_RECURSION = YES;
				CLANG_WARN_INT_CONVERSION = YES;
				CLANG_WARN_NON_LITERAL_NULL_CONVERSION = YES;
				CLANG_WARN_OBJC_IMPLICIT_RETAIN_SELF = YES;
				CLANG_WARN_OBJC_LITERAL_CONVERSION = YES;
				CLANG_WARN_OBJC_ROOT_CLASS = YES_ERROR;
				CLANG_WARN_QUOTED_INCLUDE_IN_FRAMEWORK_HEADER = YES;
				CLANG_WARN_RANGE_LOOP_ANALYSIS = YES;
				CLANG_WARN_STRICT_PROTOTYPES = YES;
				CLANG_WARN_SUSPICIOUS_MOVE = YES;
				CLANG_WARN_UNGUARDED_AVAILABILITY = YES_AGGRESSIVE;
				CLANG_WARN_UNREACHABLE_CODE = YES;
				CLANG_WARN__DUPLICATE_METHOD_MATCH = YES;
				COPY_PHASE_STRIP = NO;
				DEBUG_INFORMATION_FORMAT = dwarf;
				ENABLE_STRICT_OBJC_MSGSEND = YES;
				ENABLE_TESTABILITY = YES;
				GCC_C_LANGUAGE_STANDARD = gnu11;
				GCC_DYNAMIC_NO_PIC = NO;
				GCC_NO_COMMON_BLOCKS = YES;
				GCC_OPTIMIZATION_LEVEL = 0;
				GCC_PREPROCESSOR_DEFINITIONS = (
					"DEBUG=1",
					"$(inherited)",
				);
				GCC_WARN_64_TO_32_BIT_CONVERSION = YES;
				GCC_WARN_ABOUT_RETURN_TYPE = YES_ERROR;
				GCC_WARN_UNDECLARED_SELECTOR = YES;
				GCC_WARN_UNINITIALIZED_AUTOS = YES_AGGRESSIVE;
				GCC_WARN_UNUSED_FUNCTION = YES;
				GCC_WARN_UNUSED_VARIABLE = YES;
				IPHONEOS_DEPLOYMENT_TARGET = 14.5;
				MTL_ENABLE_DEBUG_INFO = INCLUDE_SOURCE;
				MTL_FAST_MATH = YES;
				ONLY_ACTIVE_ARCH = YES;
				SDKROOT = iphoneos;
				SWIFT_ACTIVE_COMPILATION_CONDITIONS = DEBUG;
				SWIFT_OPTIMIZATION_LEVEL = "-Onone";
			};
			name = Debug;
		};
		799F2D4A270B97DE001BB484 /* Release */ = {
			isa = XCBuildConfiguration;
			buildSettings = {
				ALWAYS_SEARCH_USER_PATHS = NO;
				CLANG_ANALYZER_NONNULL = YES;
				CLANG_ANALYZER_NUMBER_OBJECT_CONVERSION = YES_AGGRESSIVE;
				CLANG_CXX_LANGUAGE_STANDARD = "gnu++14";
				CLANG_CXX_LIBRARY = "libc++";
				CLANG_ENABLE_MODULES = YES;
				CLANG_ENABLE_OBJC_ARC = YES;
				CLANG_ENABLE_OBJC_WEAK = YES;
				CLANG_WARN_BLOCK_CAPTURE_AUTORELEASING = YES;
				CLANG_WARN_BOOL_CONVERSION = YES;
				CLANG_WARN_COMMA = YES;
				CLANG_WARN_CONSTANT_CONVERSION = YES;
				CLANG_WARN_DEPRECATED_OBJC_IMPLEMENTATIONS = YES;
				CLANG_WARN_DIRECT_OBJC_ISA_USAGE = YES_ERROR;
				CLANG_WARN_DOCUMENTATION_COMMENTS = YES;
				CLANG_WARN_EMPTY_BODY = YES;
				CLANG_WARN_ENUM_CONVERSION = YES;
				CLANG_WARN_INFINITE_RECURSION = YES;
				CLANG_WARN_INT_CONVERSION = YES;
				CLANG_WARN_NON_LITERAL_NULL_CONVERSION = YES;
				CLANG_WARN_OBJC_IMPLICIT_RETAIN_SELF = YES;
				CLANG_WARN_OBJC_LITERAL_CONVERSION = YES;
				CLANG_WARN_OBJC_ROOT_CLASS = YES_ERROR;
				CLANG_WARN_QUOTED_INCLUDE_IN_FRAMEWORK_HEADER = YES;
				CLANG_WARN_RANGE_LOOP_ANALYSIS = YES;
				CLANG_WARN_STRICT_PROTOTYPES = YES;
				CLANG_WARN_SUSPICIOUS_MOVE = YES;
				CLANG_WARN_UNGUARDED_AVAILABILITY = YES_AGGRESSIVE;
				CLANG_WARN_UNREACHABLE_CODE = YES;
				CLANG_WARN__DUPLICATE_METHOD_MATCH = YES;
				COPY_PHASE_STRIP = NO;
				DEBUG_INFORMATION_FORMAT = "dwarf-with-dsym";
				ENABLE_NS_ASSERTIONS = NO;
				ENABLE_STRICT_OBJC_MSGSEND = YES;
				GCC_C_LANGUAGE_STANDARD = gnu11;
				GCC_NO_COMMON_BLOCKS = YES;
				GCC_WARN_64_TO_32_BIT_CONVERSION = YES;
				GCC_WARN_ABOUT_RETURN_TYPE = YES_ERROR;
				GCC_WARN_UNDECLARED_SELECTOR = YES;
				GCC_WARN_UNINITIALIZED_AUTOS = YES_AGGRESSIVE;
				GCC_WARN_UNUSED_FUNCTION = YES;
				GCC_WARN_UNUSED_VARIABLE = YES;
				IPHONEOS_DEPLOYMENT_TARGET = 14.5;
				MTL_ENABLE_DEBUG_INFO = NO;
				MTL_FAST_MATH = YES;
				SDKROOT = iphoneos;
				SWIFT_COMPILATION_MODE = wholemodule;
				SWIFT_OPTIMIZATION_LEVEL = "-O";
				VALIDATE_PRODUCT = YES;
			};
			name = Release;
		};
		799F2D4C270B97DE001BB484 /* Debug */ = {
			isa = XCBuildConfiguration;
			buildSettings = {
				ASSETCATALOG_COMPILER_APPICON_NAME = AppIcon;
				ASSETCATALOG_COMPILER_GLOBAL_ACCENT_COLOR_NAME = AccentColor;
				CODE_SIGN_STYLE = Automatic;
				DEVELOPMENT_TEAM = 7VVA7JF63G;
				INFOPLIST_FILE = GHFollowers2.0/Resources/Info.plist;
				LD_RUNPATH_SEARCH_PATHS = (
					"$(inherited)",
					"@executable_path/Frameworks",
				);
				PRODUCT_BUNDLE_IDENTIFIER = "com.RiverMccaine.GHFollowers2-0";
				PRODUCT_NAME = "$(TARGET_NAME)";
				SWIFT_VERSION = 5.0;
				TARGETED_DEVICE_FAMILY = 1;
			};
			name = Debug;
		};
		799F2D4D270B97DE001BB484 /* Release */ = {
			isa = XCBuildConfiguration;
			buildSettings = {
				ASSETCATALOG_COMPILER_APPICON_NAME = AppIcon;
				ASSETCATALOG_COMPILER_GLOBAL_ACCENT_COLOR_NAME = AccentColor;
				CODE_SIGN_STYLE = Automatic;
				DEVELOPMENT_TEAM = 7VVA7JF63G;
				INFOPLIST_FILE = GHFollowers2.0/Resources/Info.plist;
				LD_RUNPATH_SEARCH_PATHS = (
					"$(inherited)",
					"@executable_path/Frameworks",
				);
				PRODUCT_BUNDLE_IDENTIFIER = "com.RiverMccaine.GHFollowers2-0";
				PRODUCT_NAME = "$(TARGET_NAME)";
				SWIFT_VERSION = 5.0;
				TARGETED_DEVICE_FAMILY = 1;
			};
			name = Release;
		};
/* End XCBuildConfiguration section */

/* Begin XCConfigurationList section */
		799F2D32270B97DC001BB484 /* Build configuration list for PBXProject "GHFollowers2.0" */ = {
			isa = XCConfigurationList;
			buildConfigurations = (
				799F2D49270B97DE001BB484 /* Debug */,
				799F2D4A270B97DE001BB484 /* Release */,
			);
			defaultConfigurationIsVisible = 0;
			defaultConfigurationName = Release;
		};
		799F2D4B270B97DE001BB484 /* Build configuration list for PBXNativeTarget "GHFollowers2.0" */ = {
			isa = XCConfigurationList;
			buildConfigurations = (
				799F2D4C270B97DE001BB484 /* Debug */,
				799F2D4D270B97DE001BB484 /* Release */,
			);
			defaultConfigurationIsVisible = 0;
			defaultConfigurationName = Release;
		};
/* End XCConfigurationList section */
	};
	rootObject = 799F2D2F270B97DC001BB484 /* Project object */;
}
